
Microsoft Visual Studio Solution File, Format Version 12.00
Project("{FAE04EC0-301F-11D3-BF4B-00C04F79EFBC}") = "SerializeDifferentKnownArrayObjects", "SerializeDifferentKnownArrayObjects\SerializeDifferentKnownArrayObjects.csproj", "{61EFB439-DE1C-4D2C-9AD8-17D3F49E1A36}"
EndProject
Global
	GlobalSection(SolutionConfigurationPlatforms) = preSolution
		Debug|Any CPU = Debug|Any CPU
		Release|Any CPU = Release|Any CPU
	EndGlobalSection
	GlobalSection(ProjectConfigurationPlatforms) = postSolution
		{61EFB439-DE1C-4D2C-9AD8-17D3F49E1A36}.Debug|Any CPU.ActiveCfg = Debug|Any CPU
		{61EFB439-DE1C-4D2C-9AD8-17D3F49E1A36}.Debug|Any CPU.Build.0 = Debug|Any CPU
		{61EFB439-DE1C-4D2C-9AD8-17D3F49E1A36}.Release|Any CPU.ActiveCfg = Release|Any CPU
		{61EFB439-DE1C-4D2C-9AD8-17D3F49E1A36}.Release|Any CPU.Build.0 = Release|Any CPU
	EndGlobalSection
EndGlobal
